SITE
  remote: http://community.opscode.com/api/v1
  specs:
    dmg (1.1.0)

GIT
  remote: git://github.com/hiremaga/pivotal_workstation.git
  ref: master
  sha: edcac5ec7325ae93e552d9b0e2112509d0329c4c
  specs:
    pivotal_workstation (1.0.0)
      dmg (>= 0.0.0)

PATH
  remote: site-cookbooks/apps
  specs:
    apps (0.1.0)
      dmg (>= 0.0.0)

PATH
  remote: site-cookbooks/workstation
  specs:
    workstation (0.1.0)
      apps (>= 0.0.0)
      pivotal_workstation (>= 0.0.0)

DEPENDENCIES
  apps (>= 0)
  pivotal_workstation (>= 0)
  workstation (>= 0)

