SITE
  remote: http://community.opscode.com/api/v1
  specs:
    dmg (1.1.0)

GIT
  remote: git://github.com/pivotal/pivotal_workstation.git
  ref: 110c5192a12ed648a341d54f21f679a5b0680832
  sha: 110c5192a12ed648a341d54f21f679a5b0680832
  specs:
    pivotal_workstation (1.0.0)
      dmg (>= 0.0.0)

PATH
  remote: site-cookbooks/apps
  specs:
    apps (0.1.0)
      dmg (>= 0.0.0)

PATH
  remote: site-cookbooks/workstation
  specs:
    workstation (0.1.0)

DEPENDENCIES
  apps (>= 0)
  pivotal_workstation (>= 0)
  workstation (>= 0)

